
Microsoft Visual Studio Solution File, Format Version 12.00
# Visual Studio Version 16
VisualStudioVersion = 16.0.31112.23
MinimumVisualStudioVersion = 10.0.40219.1
Project("{FAE04EC0-301F-11D3-BF4B-00C04F79EFBC}") = "IU", "IU\IU.csproj", "{26260754-F8D0-4520-9BC6-8F02300E889A}"
EndProject
Project("{FAE04EC0-301F-11D3-BF4B-00C04F79EFBC}") = "DAL", "DAL\DAL.csproj", "{742EBB29-FE4B-493B-9B9E-60C575153099}"
EndProject
Project("{FAE04EC0-301F-11D3-BF4B-00C04F79EFBC}") = "BLL", "BLL\BLL.csproj", "{1FC5688A-2507-4CAC-A166-F5201C1F594E}"
EndProject
Global
	GlobalSection(SolutionConfigurationPlatforms) = preSolution
		Debug|Any CPU = Debug|Any CPU
		Release|Any CPU = Release|Any CPU
	EndGlobalSection
	GlobalSection(ProjectConfigurationPlatforms) = postSolution
		{26260754-F8D0-4520-9BC6-8F02300E889A}.Debug|Any CPU.ActiveCfg = Debug|Any CPU
		{26260754-F8D0-4520-9BC6-8F02300E889A}.Debug|Any CPU.Build.0 = Debug|Any CPU
		{26260754-F8D0-4520-9BC6-8F02300E889A}.Release|Any CPU.ActiveCfg = Release|Any CPU
		{26260754-F8D0-4520-9BC6-8F02300E889A}.Release|Any CPU.Build.0 = Release|Any CPU
		{742EBB29-FE4B-493B-9B9E-60C575153099}.Debug|Any CPU.ActiveCfg = Debug|Any CPU
		{742EBB29-FE4B-493B-9B9E-60C575153099}.Debug|Any CPU.Build.0 = Debug|Any CPU
		{742EBB29-FE4B-493B-9B9E-60C575153099}.Release|Any CPU.ActiveCfg = Release|Any CPU
		{742EBB29-FE4B-493B-9B9E-60C575153099}.Release|Any CPU.Build.0 = Release|Any CPU
		{1FC5688A-2507-4CAC-A166-F5201C1F594E}.Debug|Any CPU.ActiveCfg = Debug|Any CPU
		{1FC5688A-2507-4CAC-A166-F5201C1F594E}.Debug|Any CPU.Build.0 = Debug|Any CPU
		{1FC5688A-2507-4CAC-A166-F5201C1F594E}.Release|Any CPU.ActiveCfg = Release|Any CPU
		{1FC5688A-2507-4CAC-A166-F5201C1F594E}.Release|Any CPU.Build.0 = Release|Any CPU
	EndGlobalSection
	GlobalSection(SolutionProperties) = preSolution
		HideSolutionNode = FALSE
	EndGlobalSection
	GlobalSection(ExtensibilityGlobals) = postSolution
		SolutionGuid = {FC5EE7AB-CE9A-45F1-A397-FA94D9443060}
	EndGlobalSection
EndGlobal
